
Microsoft Visual Studio Solution File, Format Version 12.00
# Visual Studio 15
VisualStudioVersion = 15.0.26730.12
MinimumVisualStudioVersion = 10.0.40219.1
Project("{FAE04EC0-301F-11D3-BF4B-00C04F79EFBC}") = "CourseWork.WEB", "CourseWork\CourseWork.WEB.csproj", "{8EA691F2-406C-4647-9976-44C18600C8D4}"
EndProject
Project("{FAE04EC0-301F-11D3-BF4B-00C04F79EFBC}") = "CourseWork.BLL", "CourseWork.BLL\CourseWork.BLL.csproj", "{F50122F9-653A-471E-AD55-1C38250DD090}"
EndProject
Project("{FAE04EC0-301F-11D3-BF4B-00C04F79EFBC}") = "CourseWork.DAL", "CourseWork.DAL\CourseWork.DAL.csproj", "{1E967BB9-93A9-428C-9E75-DA4F820AD407}"
EndProject
Project("{FAE04EC0-301F-11D3-BF4B-00C04F79EFBC}") = "CourseWork.Helpers", "CourseWork.Helpers\CourseWork.Helpers.csproj", "{8BD95735-AAC6-47C1-A05B-9136E8A65741}"
EndProject
Project("{FAE04EC0-301F-11D3-BF4B-00C04F79EFBC}") = "CourseWork.UI", "CourseWork.UI\CourseWork.UI.csproj", "{0ED4CF7F-047B-45F0-BD89-FFBEA26D9E32}"
EndProject
Global
	GlobalSection(SolutionConfigurationPlatforms) = preSolution
		Debug|Any CPU = Debug|Any CPU
		Release|Any CPU = Release|Any CPU
	EndGlobalSection
	GlobalSection(ProjectConfigurationPlatforms) = postSolution
		{8EA691F2-406C-4647-9976-44C18600C8D4}.Debug|Any CPU.ActiveCfg = Debug|Any CPU
		{8EA691F2-406C-4647-9976-44C18600C8D4}.Debug|Any CPU.Build.0 = Debug|Any CPU
		{8EA691F2-406C-4647-9976-44C18600C8D4}.Release|Any CPU.ActiveCfg = Release|Any CPU
		{8EA691F2-406C-4647-9976-44C18600C8D4}.Release|Any CPU.Build.0 = Release|Any CPU
		{F50122F9-653A-471E-AD55-1C38250DD090}.Debug|Any CPU.ActiveCfg = Debug|Any CPU
		{F50122F9-653A-471E-AD55-1C38250DD090}.Debug|Any CPU.Build.0 = Debug|Any CPU
		{F50122F9-653A-471E-AD55-1C38250DD090}.Release|Any CPU.ActiveCfg = Release|Any CPU
		{F50122F9-653A-471E-AD55-1C38250DD090}.Release|Any CPU.Build.0 = Release|Any CPU
		{1E967BB9-93A9-428C-9E75-DA4F820AD407}.Debug|Any CPU.ActiveCfg = Debug|Any CPU
		{1E967BB9-93A9-428C-9E75-DA4F820AD407}.Debug|Any CPU.Build.0 = Debug|Any CPU
		{1E967BB9-93A9-428C-9E75-DA4F820AD407}.Release|Any CPU.ActiveCfg = Release|Any CPU
		{1E967BB9-93A9-428C-9E75-DA4F820AD407}.Release|Any CPU.Build.0 = Release|Any CPU
		{8BD95735-AAC6-47C1-A05B-9136E8A65741}.Debug|Any CPU.ActiveCfg = Debug|Any CPU
		{8BD95735-AAC6-47C1-A05B-9136E8A65741}.Debug|Any CPU.Build.0 = Debug|Any CPU
		{8BD95735-AAC6-47C1-A05B-9136E8A65741}.Release|Any CPU.ActiveCfg = Release|Any CPU
		{8BD95735-AAC6-47C1-A05B-9136E8A65741}.Release|Any CPU.Build.0 = Release|Any CPU
		{0ED4CF7F-047B-45F0-BD89-FFBEA26D9E32}.Debug|Any CPU.ActiveCfg = Debug|Any CPU
		{0ED4CF7F-047B-45F0-BD89-FFBEA26D9E32}.Debug|Any CPU.Build.0 = Debug|Any CPU
		{0ED4CF7F-047B-45F0-BD89-FFBEA26D9E32}.Release|Any CPU.ActiveCfg = Release|Any CPU
		{0ED4CF7F-047B-45F0-BD89-FFBEA26D9E32}.Release|Any CPU.Build.0 = Release|Any CPU
	EndGlobalSection
	GlobalSection(SolutionProperties) = preSolution
		HideSolutionNode = FALSE
	EndGlobalSection
	GlobalSection(ExtensibilityGlobals) = postSolution
		SolutionGuid = {475A18FF-44E6-44B9-87D4-4B16366B64C8}
	EndGlobalSection
EndGlobal
